
Microsoft Visual Studio Solution File, Format Version 12.00
# Visual Studio Version 16
VisualStudioVersion = 16.0.30711.63
MinimumVisualStudioVersion = 10.0.40219.1
Project("{9A19103F-16F7-4668-BE54-9A1E7A4F7556}") = "wireboy.net.pipe", "wireboy.net.pipe.csproj", "{7F9DC46B-B811-4213-9AE8-1AC29459C42A}"
EndProject
Project("{FAE04EC0-301F-11D3-BF4B-00C04F79EFBC}") = "WpfApp1", "..\Demo\WpfApp1\WpfApp1.csproj", "{98D57252-9E62-455F-B274-9BDA8F12CA4C}"
EndProject
Project("{FAE04EC0-301F-11D3-BF4B-00C04F79EFBC}") = "wireboy.net.tcp", "..\wireboy.net.tcp\wireboy.net.tcp.csproj", "{5EC23EB4-F9CB-4D0A-93DC-DB3FDFDFFF9F}"
EndProject
Global
	GlobalSection(SolutionConfigurationPlatforms) = preSolution
		Debug|Any CPU = Debug|Any CPU
		Release|Any CPU = Release|Any CPU
	EndGlobalSection
	GlobalSection(ProjectConfigurationPlatforms) = postSolution
		{7F9DC46B-B811-4213-9AE8-1AC29459C42A}.Debug|Any CPU.ActiveCfg = Debug|Any CPU
		{7F9DC46B-B811-4213-9AE8-1AC29459C42A}.Debug|Any CPU.Build.0 = Debug|Any CPU
		{7F9DC46B-B811-4213-9AE8-1AC29459C42A}.Release|Any CPU.ActiveCfg = Release|Any CPU
		{7F9DC46B-B811-4213-9AE8-1AC29459C42A}.Release|Any CPU.Build.0 = Release|Any CPU
		{98D57252-9E62-455F-B274-9BDA8F12CA4C}.Debug|Any CPU.ActiveCfg = Debug|Any CPU
		{98D57252-9E62-455F-B274-9BDA8F12CA4C}.Debug|Any CPU.Build.0 = Debug|Any CPU
		{98D57252-9E62-455F-B274-9BDA8F12CA4C}.Release|Any CPU.ActiveCfg = Release|Any CPU
		{98D57252-9E62-455F-B274-9BDA8F12CA4C}.Release|Any CPU.Build.0 = Release|Any CPU
		{5EC23EB4-F9CB-4D0A-93DC-DB3FDFDFFF9F}.Debug|Any CPU.ActiveCfg = Debug|Any CPU
		{5EC23EB4-F9CB-4D0A-93DC-DB3FDFDFFF9F}.Debug|Any CPU.Build.0 = Debug|Any CPU
		{5EC23EB4-F9CB-4D0A-93DC-DB3FDFDFFF9F}.Release|Any CPU.ActiveCfg = Release|Any CPU
		{5EC23EB4-F9CB-4D0A-93DC-DB3FDFDFFF9F}.Release|Any CPU.Build.0 = Release|Any CPU
	EndGlobalSection
	GlobalSection(SolutionProperties) = preSolution
		HideSolutionNode = FALSE
	EndGlobalSection
	GlobalSection(ExtensibilityGlobals) = postSolution
		SolutionGuid = {66EBDB78-A53F-4DFA-8CE9-A0155282BC5B}
	EndGlobalSection
EndGlobal
